
Microsoft Visual Studio Solution File, Format Version 12.00
# Visual Studio Version 17
VisualStudioVersion = 17.12.35707.178
MinimumVisualStudioVersion = 10.0.40219.1
Project("{FAE04EC0-301F-11D3-BF4B-00C04F79EFBC}") = "Task1_0", "Task1_0\Task1_0.csproj", "{1EA5DD36-A349-49D4-AF90-0DFD11C6724C}"
EndProject
Project("{FAE04EC0-301F-11D3-BF4B-00C04F79EFBC}") = "Task1_1", "Task1_1\Task1_1.csproj", "{9F4EBEC9-20F1-4DC7-8876-F59FA3C48638}"
EndProject
Project("{FAE04EC0-301F-11D3-BF4B-00C04F79EFBC}") = "Task1_2", "Task1_2\Task1_2.csproj", "{FAD0C000-5C61-4A6C-BF17-32D4D4A0B1BC}"
EndProject
Project("{FAE04EC0-301F-11D3-BF4B-00C04F79EFBC}") = "Task1_3", "Task1_3\Task1_3.csproj", "{DECD29C2-016F-4041-AB1B-9A424F04B829}"
EndProject
Project("{FAE04EC0-301F-11D3-BF4B-00C04F79EFBC}") = "Task1_4", "Task1_4\Task1_4.csproj", "{CEA0A0A5-4229-462E-84A8-1EE596BD99B4}"
EndProject
Project("{FAE04EC0-301F-11D3-BF4B-00C04F79EFBC}") = "Task1_5", "Task1_5\Task1_5.csproj", "{DF469F54-2677-44CF-95C1-2E5B3FC8DDE1}"
EndProject
Project("{FAE04EC0-301F-11D3-BF4B-00C04F79EFBC}") = "Task1_6", "Task1_6\Task1_6.csproj", "{5A349046-A46F-4AD0-A180-CACC4A16A405}"
EndProject
Project("{FAE04EC0-301F-11D3-BF4B-00C04F79EFBC}") = "Task1_7", "Task1_7\Task1_7.csproj", "{75A0E74B-966A-4B5C-AE64-8622C49C8F23}"
EndProject
Project("{FAE04EC0-301F-11D3-BF4B-00C04F79EFBC}") = "Task1_8", "Task1_8\Task1_8.csproj", "{74A39304-F6E7-4FC9-96E0-76F322A3EAEC}"
EndProject
Project("{FAE04EC0-301F-11D3-BF4B-00C04F79EFBC}") = "Task1_9", "Task1_9\Task1_9.csproj", "{3F90ECFB-DAA4-4C51-8C60-752ACE8A328F}"
EndProject
Project("{FAE04EC0-301F-11D3-BF4B-00C04F79EFBC}") = "Task1_10", "Task1_10\Task1_10.csproj", "{BC93BA06-50B7-4B80-BFBE-296DFED38EE4}"
EndProject
Project("{FAE04EC0-301F-11D3-BF4B-00C04F79EFBC}") = "Task1_11", "Task1_11\Task1_11.csproj", "{4B04BFC2-689D-4B15-BDED-BD764E4C2B73}"
EndProject
Project("{FAE04EC0-301F-11D3-BF4B-00C04F79EFBC}") = "Task2_1", "Task2_1\Task2_1.csproj", "{06D4FE62-A748-491B-B208-1070FD3A5DA1}"
EndProject
Project("{FAE04EC0-301F-11D3-BF4B-00C04F79EFBC}") = "Task2_2", "Task2_2\Task2_2.csproj", "{BF943075-8BF0-4BC0-B448-2AE694889AA9}"
EndProject
Project("{FAE04EC0-301F-11D3-BF4B-00C04F79EFBC}") = "Task2_3", "Task2_3\Task2_3.csproj", "{63A71E3C-B698-4AE9-B398-D12C5F08E6BD}"
EndProject
Project("{FAE04EC0-301F-11D3-BF4B-00C04F79EFBC}") = "Task2_4", "Task2_4\Task2_4.csproj", "{254D5CAE-2359-47ED-A848-3F8E838569DE}"
EndProject
Project("{FAE04EC0-301F-11D3-BF4B-00C04F79EFBC}") = "Task2_5", "Task2_5\Task2_5.csproj", "{4EABDE04-9BCA-48AD-AA79-C2BED10C012F}"
EndProject
Project("{FAE04EC0-301F-11D3-BF4B-00C04F79EFBC}") = "Task2_6", "Task2_6\Task2_6.csproj", "{03B93B6D-0BB0-4F6C-A11D-C9B755A489C9}"
EndProject
Project("{FAE04EC0-301F-11D3-BF4B-00C04F79EFBC}") = "Task2_0", "Task2_0\Task2_0.csproj", "{3E017B29-DEC8-4712-8D16-93E262BE9BD8}"
EndProject
Project("{FAE04EC0-301F-11D3-BF4B-00C04F79EFBC}") = "Task2_7", "Task2_7\Task2_7.csproj", "{6359289C-FC9B-45B2-BADC-A355D4FB9B18}"
EndProject
Global
	GlobalSection(SolutionConfigurationPlatforms) = preSolution
		Debug|Any CPU = Debug|Any CPU
		Release|Any CPU = Release|Any CPU
	EndGlobalSection
	GlobalSection(ProjectConfigurationPlatforms) = postSolution
		{1EA5DD36-A349-49D4-AF90-0DFD11C6724C}.Debug|Any CPU.ActiveCfg = Debug|Any CPU
		{1EA5DD36-A349-49D4-AF90-0DFD11C6724C}.Debug|Any CPU.Build.0 = Debug|Any CPU
		{1EA5DD36-A349-49D4-AF90-0DFD11C6724C}.Release|Any CPU.ActiveCfg = Release|Any CPU
		{1EA5DD36-A349-49D4-AF90-0DFD11C6724C}.Release|Any CPU.Build.0 = Release|Any CPU
		{9F4EBEC9-20F1-4DC7-8876-F59FA3C48638}.Debug|Any CPU.ActiveCfg = Debug|Any CPU
		{9F4EBEC9-20F1-4DC7-8876-F59FA3C48638}.Debug|Any CPU.Build.0 = Debug|Any CPU
		{9F4EBEC9-20F1-4DC7-8876-F59FA3C48638}.Release|Any CPU.ActiveCfg = Release|Any CPU
		{9F4EBEC9-20F1-4DC7-8876-F59FA3C48638}.Release|Any CPU.Build.0 = Release|Any CPU
		{FAD0C000-5C61-4A6C-BF17-32D4D4A0B1BC}.Debug|Any CPU.ActiveCfg = Debug|Any CPU
		{FAD0C000-5C61-4A6C-BF17-32D4D4A0B1BC}.Debug|Any CPU.Build.0 = Debug|Any CPU
		{FAD0C000-5C61-4A6C-BF17-32D4D4A0B1BC}.Release|Any CPU.ActiveCfg = Release|Any CPU
		{FAD0C000-5C61-4A6C-BF17-32D4D4A0B1BC}.Release|Any CPU.Build.0 = Release|Any CPU
		{DECD29C2-016F-4041-AB1B-9A424F04B829}.Debug|Any CPU.ActiveCfg = Debug|Any CPU
		{DECD29C2-016F-4041-AB1B-9A424F04B829}.Debug|Any CPU.Build.0 = Debug|Any CPU
		{DECD29C2-016F-4041-AB1B-9A424F04B829}.Release|Any CPU.ActiveCfg = Release|Any CPU
		{DECD29C2-016F-4041-AB1B-9A424F04B829}.Release|Any CPU.Build.0 = Release|Any CPU
		{CEA0A0A5-4229-462E-84A8-1EE596BD99B4}.Debug|Any CPU.ActiveCfg = Debug|Any CPU
		{CEA0A0A5-4229-462E-84A8-1EE596BD99B4}.Debug|Any CPU.Build.0 = Debug|Any CPU
		{CEA0A0A5-4229-462E-84A8-1EE596BD99B4}.Release|Any CPU.ActiveCfg = Release|Any CPU
		{CEA0A0A5-4229-462E-84A8-1EE596BD99B4}.Release|Any CPU.Build.0 = Release|Any CPU
		{DF469F54-2677-44CF-95C1-2E5B3FC8DDE1}.Debug|Any CPU.ActiveCfg = Debug|Any CPU
		{DF469F54-2677-44CF-95C1-2E5B3FC8DDE1}.Debug|Any CPU.Build.0 = Debug|Any CPU
		{DF469F54-2677-44CF-95C1-2E5B3FC8DDE1}.Release|Any CPU.ActiveCfg = Release|Any CPU
		{DF469F54-2677-44CF-95C1-2E5B3FC8DDE1}.Release|Any CPU.Build.0 = Release|Any CPU
		{5A349046-A46F-4AD0-A180-CACC4A16A405}.Debug|Any CPU.ActiveCfg = Debug|Any CPU
		{5A349046-A46F-4AD0-A180-CACC4A16A405}.Debug|Any CPU.Build.0 = Debug|Any CPU
		{5A349046-A46F-4AD0-A180-CACC4A16A405}.Release|Any CPU.ActiveCfg = Release|Any CPU
		{5A349046-A46F-4AD0-A180-CACC4A16A405}.Release|Any CPU.Build.0 = Release|Any CPU
		{75A0E74B-966A-4B5C-AE64-8622C49C8F23}.Debug|Any CPU.ActiveCfg = Debug|Any CPU
		{75A0E74B-966A-4B5C-AE64-8622C49C8F23}.Debug|Any CPU.Build.0 = Debug|Any CPU
		{75A0E74B-966A-4B5C-AE64-8622C49C8F23}.Release|Any CPU.ActiveCfg = Release|Any CPU
		{75A0E74B-966A-4B5C-AE64-8622C49C8F23}.Release|Any CPU.Build.0 = Release|Any CPU
		{74A39304-F6E7-4FC9-96E0-76F322A3EAEC}.Debug|Any CPU.ActiveCfg = Debug|Any CPU
		{74A39304-F6E7-4FC9-96E0-76F322A3EAEC}.Debug|Any CPU.Build.0 = Debug|Any CPU
		{74A39304-F6E7-4FC9-96E0-76F322A3EAEC}.Release|Any CPU.ActiveCfg = Release|Any CPU
		{74A39304-F6E7-4FC9-96E0-76F322A3EAEC}.Release|Any CPU.Build.0 = Release|Any CPU
		{3F90ECFB-DAA4-4C51-8C60-752ACE8A328F}.Debug|Any CPU.ActiveCfg = Debug|Any CPU
		{3F90ECFB-DAA4-4C51-8C60-752ACE8A328F}.Debug|Any CPU.Build.0 = Debug|Any CPU
		{3F90ECFB-DAA4-4C51-8C60-752ACE8A328F}.Release|Any CPU.ActiveCfg = Release|Any CPU
		{3F90ECFB-DAA4-4C51-8C60-752ACE8A328F}.Release|Any CPU.Build.0 = Release|Any CPU
		{BC93BA06-50B7-4B80-BFBE-296DFED38EE4}.Debug|Any CPU.ActiveCfg = Debug|Any CPU
		{BC93BA06-50B7-4B80-BFBE-296DFED38EE4}.Debug|Any CPU.Build.0 = Debug|Any CPU
		{BC93BA06-50B7-4B80-BFBE-296DFED38EE4}.Release|Any CPU.ActiveCfg = Release|Any CPU
		{BC93BA06-50B7-4B80-BFBE-296DFED38EE4}.Release|Any CPU.Build.0 = Release|Any CPU
		{4B04BFC2-689D-4B15-BDED-BD764E4C2B73}.Debug|Any CPU.ActiveCfg = Debug|Any CPU
		{4B04BFC2-689D-4B15-BDED-BD764E4C2B73}.Debug|Any CPU.Build.0 = Debug|Any CPU
		{4B04BFC2-689D-4B15-BDED-BD764E4C2B73}.Release|Any CPU.ActiveCfg = Release|Any CPU
		{4B04BFC2-689D-4B15-BDED-BD764E4C2B73}.Release|Any CPU.Build.0 = Release|Any CPU
		{06D4FE62-A748-491B-B208-1070FD3A5DA1}.Debug|Any CPU.ActiveCfg = Debug|Any CPU
		{06D4FE62-A748-491B-B208-1070FD3A5DA1}.Debug|Any CPU.Build.0 = Debug|Any CPU
		{06D4FE62-A748-491B-B208-1070FD3A5DA1}.Release|Any CPU.ActiveCfg = Release|Any CPU
		{06D4FE62-A748-491B-B208-1070FD3A5DA1}.Release|Any CPU.Build.0 = Release|Any CPU
		{BF943075-8BF0-4BC0-B448-2AE694889AA9}.Debug|Any CPU.ActiveCfg = Debug|Any CPU
		{BF943075-8BF0-4BC0-B448-2AE694889AA9}.Debug|Any CPU.Build.0 = Debug|Any CPU
		{BF943075-8BF0-4BC0-B448-2AE694889AA9}.Release|Any CPU.ActiveCfg = Release|Any CPU
		{BF943075-8BF0-4BC0-B448-2AE694889AA9}.Release|Any CPU.Build.0 = Release|Any CPU
		{63A71E3C-B698-4AE9-B398-D12C5F08E6BD}.Debug|Any CPU.ActiveCfg = Debug|Any CPU
		{63A71E3C-B698-4AE9-B398-D12C5F08E6BD}.Debug|Any CPU.Build.0 = Debug|Any CPU
		{63A71E3C-B698-4AE9-B398-D12C5F08E6BD}.Release|Any CPU.ActiveCfg = Release|Any CPU
		{63A71E3C-B698-4AE9-B398-D12C5F08E6BD}.Release|Any CPU.Build.0 = Release|Any CPU
		{254D5CAE-2359-47ED-A848-3F8E838569DE}.Debug|Any CPU.ActiveCfg = Debug|Any CPU
		{254D5CAE-2359-47ED-A848-3F8E838569DE}.Debug|Any CPU.Build.0 = Debug|Any CPU
		{254D5CAE-2359-47ED-A848-3F8E838569DE}.Release|Any CPU.ActiveCfg = Release|Any CPU
		{254D5CAE-2359-47ED-A848-3F8E838569DE}.Release|Any CPU.Build.0 = Release|Any CPU
		{4EABDE04-9BCA-48AD-AA79-C2BED10C012F}.Debug|Any CPU.ActiveCfg = Debug|Any CPU
		{4EABDE04-9BCA-48AD-AA79-C2BED10C012F}.Debug|Any CPU.Build.0 = Debug|Any CPU
		{4EABDE04-9BCA-48AD-AA79-C2BED10C012F}.Release|Any CPU.ActiveCfg = Release|Any CPU
		{4EABDE04-9BCA-48AD-AA79-C2BED10C012F}.Release|Any CPU.Build.0 = Release|Any CPU
		{03B93B6D-0BB0-4F6C-A11D-C9B755A489C9}.Debug|Any CPU.ActiveCfg = Debug|Any CPU
		{03B93B6D-0BB0-4F6C-A11D-C9B755A489C9}.Debug|Any CPU.Build.0 = Debug|Any CPU
		{03B93B6D-0BB0-4F6C-A11D-C9B755A489C9}.Release|Any CPU.ActiveCfg = Release|Any CPU
		{03B93B6D-0BB0-4F6C-A11D-C9B755A489C9}.Release|Any CPU.Build.0 = Release|Any CPU
		{3E017B29-DEC8-4712-8D16-93E262BE9BD8}.Debug|Any CPU.ActiveCfg = Debug|Any CPU
		{3E017B29-DEC8-4712-8D16-93E262BE9BD8}.Debug|Any CPU.Build.0 = Debug|Any CPU
		{3E017B29-DEC8-4712-8D16-93E262BE9BD8}.Release|Any CPU.ActiveCfg = Release|Any CPU
		{3E017B29-DEC8-4712-8D16-93E262BE9BD8}.Release|Any CPU.Build.0 = Release|Any CPU
		{6359289C-FC9B-45B2-BADC-A355D4FB9B18}.Debug|Any CPU.ActiveCfg = Debug|Any CPU
		{6359289C-FC9B-45B2-BADC-A355D4FB9B18}.Debug|Any CPU.Build.0 = Debug|Any CPU
		{6359289C-FC9B-45B2-BADC-A355D4FB9B18}.Release|Any CPU.ActiveCfg = Release|Any CPU
		{6359289C-FC9B-45B2-BADC-A355D4FB9B18}.Release|Any CPU.Build.0 = Release|Any CPU
	EndGlobalSection
	GlobalSection(SolutionProperties) = preSolution
		HideSolutionNode = FALSE
	EndGlobalSection
EndGlobal
